<Solution>
  <Folder Name="/Task0/">
    <Project Path="Tyuiu.GaitovaAA.Sprint0.Task0.V0/Tyuiu.GaitovaAA.Sprint0.Task0.V0.csproj" />
  </Folder>
  <Folder Name="/Task1/">
    <Project Path="Tyuiu.GaitovaAA.Sprint0.Task1.V0/Tyuiu.GaitovaAA.Sprint0.Task1.V0.csproj" Id="c0025817-2a19-4df0-81f4-c2db9fbc8356" />
  </Folder>
  <Folder Name="/Task2/">
    <Project Path="Tyuiu.GaitovaAA.Sprint0.Task2.V0.Lib/Tyuiu.GaitovaAA.Sprint0.Task2.V0.Lib.csproj" Id="d31d5a00-fe90-45e8-a3f4-9bd10fb111d5" />
    <Project Path="Tyuiu.GaitovaAA.Sprint0.Task2.V0.Test/Tyuiu.GaitovaAA.Sprint0.Task2.V0.Test.csproj" Id="858a8580-ac16-4ad8-aa3b-b6a39f566726" />
    <Project Path="Tyuiu.GaitovaAA.Sprint0.Task2.V0/Tyuiu.GaitovaAA.Sprint0.Task2.V0.csproj" Id="310367cc-1181-4b71-82af-2a1528ff62b4" />
  </Folder>
  <Folder Name="/Task3/">
    <Project Path="Tyuiu.GaitovaAA.Sprint0.Task3.V0.Lib/Tyuiu.GaitovaAA.Sprint0.Task3.V0.Lib.csproj" Id="22e32c0a-5553-448f-be7c-31fa398966e9" />
    <Project Path="Tyuiu.GaitovaAA.Sprint0.Task3.V0.Test/Tyuiu.GaitovaAA.Sprint0.Task3.V0.Test.csproj" Id="c605947c-9105-4327-baf3-f0d974f504f9" />
    <Project Path="Tyuiu.GaitovaAA.Sprint0.Task3.V0/Tyuiu.GaitovaAA.Sprint0.Task3.V0.csproj" Id="66e22cf3-c0ab-4f4c-a179-a278aa7f0a62" />
  </Folder>
  <Folder Name="/Task4/">
    <Project Path="Tyuiu.GaitovaAA.Sprint0.Task4.V0.Lib/Tyuiu.GaitovaAA.Sprint0.Task4.V0.Lib.csproj" Id="4af63ff0-1b26-4a0a-90dd-ed8de8bf703b" />
    <Project Path="Tyuiu.GaitovaAA.Sprint0.Task4.V0.Test/Tyuiu.GaitovaAA.Sprint0.Task4.V0.Test.csproj" Id="b22d9b94-3d9d-4518-8f9f-4c005f77f219" />
    <Project Path="Tyuiu.GaitovaAA.Sprint0.Task4.V0/Tyuiu.GaitovaAA.Sprint0.Task4.V0.csproj" Id="18e9b19e-0b18-4212-a353-751b273362d3" />
  </Folder>
  <Folder Name="/Task5/">
    <Project Path="Tyuiu.GaitovaAA.Sprint0.Task5.V0.Lib/Tyuiu.GaitovaAA.Sprint0.Task5.V0.Lib.csproj" Id="6a19b189-54f6-4546-9ceb-5fcf0de9558c" />
    <Project Path="Tyuiu.GaitovaAA.Sprint0.Task5.V0.Test/Tyuiu.GaitovaAA.Sprint0.Task5.V0.Test.csproj" Id="8468bcdf-c24a-416e-854d-1e0a6c32fd91" />
    <Project Path="Tyuiu.GaitovaAA.Sprint0.Task5.V0/Tyuiu.GaitovaAA.Sprint0.Task5.V0.csproj" Id="6ae55370-88d5-4572-8949-bd8ca5646349" />
  </Folder>
</Solution>
